
Microsoft Visual Studio Solution File, Format Version 12.00
# Visual Studio Version 17
VisualStudioVersion = 17.13.35806.99 d17.13
MinimumVisualStudioVersion = 10.0.40219.1
Project("{FAE04EC0-301F-11D3-BF4B-00C04F79EFBC}") = "summoner", "summoner.csproj", "{9788466A-0AA9-4BEC-BD1D-19D7FE2AE6B9}"
EndProject
Global
	GlobalSection(SolutionConfigurationPlatforms) = preSolution
		Debug|Any CPU = Debug|Any CPU
		Release|Any CPU = Release|Any CPU
	EndGlobalSection
	GlobalSection(ProjectConfigurationPlatforms) = postSolution
		{9788466A-0AA9-4BEC-BD1D-19D7FE2AE6B9}.Debug|Any CPU.ActiveCfg = Debug|Any CPU
		{9788466A-0AA9-4BEC-BD1D-19D7FE2AE6B9}.Debug|Any CPU.Build.0 = Debug|Any CPU
		{9788466A-0AA9-4BEC-BD1D-19D7FE2AE6B9}.Release|Any CPU.ActiveCfg = Release|Any CPU
		{9788466A-0AA9-4BEC-BD1D-19D7FE2AE6B9}.Release|Any CPU.Build.0 = Release|Any CPU
	EndGlobalSection
	GlobalSection(SolutionProperties) = preSolution
		HideSolutionNode = FALSE
	EndGlobalSection
	GlobalSection(ExtensibilityGlobals) = postSolution
		SolutionGuid = {07A2E922-CFB9-4106-9009-64E4DEF3955A}
	EndGlobalSection
EndGlobal
